// !$*UTF8*$!
{
	archiveVersion = 1;
	classes = {
	};
	objectVersion = 77;
	objects = {

/* Begin PBXBuildFile section */
		792E8DD72F927F55005BC468 /* WidgetKit.framework in Frameworks */ = {isa = PBXBuildFile; fileRef = 792E8DB52F927ED3005BC468 /* WidgetKit.framework */; };
		792E8DD82F927F55005BC468 /* SwiftUI.framework in Frameworks */ = {isa = PBXBuildFile; fileRef = 792E8DB72F927ED3005BC468 /* SwiftUI.framework */; };
		792E8DE52F927F55005BC468 /* WateringReminderWidgetExtension.appex in Embed Foundation Extensions */ = {isa = PBXBuildFile; fileRef = 792E8DD62F927F55005BC468 /* WateringReminderWidgetExtension.appex */; settings = {ATTRIBUTES = (RemoveHeadersOnCopy, ); }; };
/* End PBXBuildFile section */

/* Begin PBXContainerItemProxy section */
		792E8D632F909239005BC468 /* PBXContainerItemProxy */ = {
			isa = PBXContainerItemProxy;
			containerPortal = 792E8D4B2F909239005BC468 /* Project object */;
			proxyType = 1;
			remoteGlobalIDString = 792E8D522F909239005BC468;
			remoteInfo = WateringReminder;
		};
		792E8D6D2F909239005BC468 /* PBXContainerItemProxy */ = {
			isa = PBXContainerItemProxy;
			containerPortal = 792E8D4B2F909239005BC468 /* Project object */;
			proxyType = 1;
			remoteGlobalIDString = 792E8D522F909239005BC468;
			remoteInfo = WateringReminder;
		};
		792E8DE32F927F55005BC468 /* PBXContainerItemProxy */ = {
			isa = PBXContainerItemProxy;
			containerPortal = 792E8D4B2F909239005BC468 /* Project object */;
			proxyType = 1;
			remoteGlobalIDString = 792E8DD52F927F55005BC468;
			remoteInfo = WateringReminderWidgetExtension;
		};
/* End PBXContainerItemProxy section */

/* Begin PBXCopyFilesBuildPhase section */
		792E8DCA2F927ED4005BC468 /* Embed Foundation Extensions */ = {
			isa = PBXCopyFilesBuildPhase;
			buildActionMask = 2147483647;
			dstPath = "";
			dstSubfolderSpec = 13;
			files = (
				792E8DE52F927F55005BC468 /* WateringReminderWidgetExtension.appex in Embed Foundation Extensions */,
			);
			name = "Embed Foundation Extensions";
			runOnlyForDeploymentPostprocessing = 0;
		};
/* End PBXCopyFilesBuildPhase section */

/* Begin PBXFileReference section */
		792E8D532F909239005BC468 /* WateringReminder.app */ = {isa = PBXFileReference; explicitFileType = wrapper.application; includeInIndex = 0; path = WateringReminder.app; sourceTree = BUILT_PRODUCTS_DIR; };
		792E8D622F909239005BC468 /* WateringReminderTests.xctest */ = {isa = PBXFileReference; explicitFileType = wrapper.cfbundle; includeInIndex = 0; path = WateringReminderTests.xctest; sourceTree = BUILT_PRODUCTS_DIR; };
		792E8D6C2F909239005BC468 /* WateringReminderUITests.xctest */ = {isa = PBXFileReference; explicitFileType = wrapper.cfbundle; includeInIndex = 0; path = WateringReminderUITests.xctest; sourceTree = BUILT_PRODUCTS_DIR; };
		792E8DB52F927ED3005BC468 /* WidgetKit.framework */ = {isa = PBXFileReference; lastKnownFileType = wrapper.framework; name = WidgetKit.framework; path = System/Library/Frameworks/WidgetKit.framework; sourceTree = SDKROOT; };
		792E8DB72F927ED3005BC468 /* SwiftUI.framework */ = {isa = PBXFileReference; lastKnownFileType = wrapper.framework; name = SwiftUI.framework; path = System/Library/Frameworks/SwiftUI.framework; sourceTree = SDKROOT; };
		792E8DD62F927F55005BC468 /* WateringReminderWidgetExtension.appex */ = {isa = PBXFileReference; explicitFileType = "wrapper.app-extension"; includeInIndex = 0; path = WateringReminderWidgetExtension.appex; sourceTree = BUILT_PRODUCTS_DIR; };
		792E8DF12F927F7D005BC468 /* WateringReminderWidgetExtension.entitlements */ = {isa = PBXFileReference; lastKnownFileType = text.plist.entitlements; path = WateringReminderWidgetExtension.entitlements; sourceTree = "<group>"; };
/* End PBXFileReference section */

/* Begin PBXFileSystemSynchronizedBuildFileExceptionSet section */
		792E8DE62F927F55005BC468 /* Exceptions for "WateringReminderWidget" folder in "WateringReminderWidgetExtension" target */ = {
			isa = PBXFileSystemSynchronizedBuildFileExceptionSet;
			membershipExceptions = (
				Info.plist,
			);
			target = 792E8DD52F927F55005BC468 /* WateringReminderWidgetExtension */;
		};
/* End PBXFileSystemSynchronizedBuildFileExceptionSet section */

/* Begin PBXFileSystemSynchronizedRootGroup section */
		792E8D552F909239005BC468 /* WateringReminder */ = {
			isa = PBXFileSystemSynchronizedRootGroup;
			path = WateringReminder;
			sourceTree = "<group>";
		};
		792E8D652F909239005BC468 /* WateringReminderTests */ = {
			isa = PBXFileSystemSynchronizedRootGroup;
			path = WateringReminderTests;
			sourceTree = "<group>";
		};
		792E8D6F2F909239005BC468 /* WateringReminderUITests */ = {
			isa = PBXFileSystemSynchronizedRootGroup;
			path = WateringReminderUITests;
			sourceTree = "<group>";
		};
		792E8DB92F927ED3005BC468 /* WateringReminderWidget */ = {
			isa = PBXFileSystemSynchronizedRootGroup;
			path = WateringReminderWidget;
			sourceTree = "<group>";
		};
		792E8DD92F927F55005BC468 /* WateringReminderWidget */ = {
			isa = PBXFileSystemSynchronizedRootGroup;
			exceptions = (
				792E8DE62F927F55005BC468 /* Exceptions for "WateringReminderWidget" folder in "WateringReminderWidgetExtension" target */,
			);
			path = WateringReminderWidget;
			sourceTree = "<group>";
		};
/* End PBXFileSystemSynchronizedRootGroup section */

/* Begin PBXFrameworksBuildPhase section */
		792E8D502F909239005BC468 /* Frameworks */ = {
			isa = PBXFrameworksBuildPhase;
			buildActionMask = 2147483647;
			files = (
			);
			runOnlyForDeploymentPostprocessing = 0;
		};
		792E8D5F2F909239005BC468 /* Frameworks */ = {
			isa = PBXFrameworksBuildPhase;
			buildActionMask = 2147483647;
			files = (
			);
			runOnlyForDeploymentPostprocessing = 0;
		};
		792E8D692F909239005BC468 /* Frameworks */ = {
			isa = PBXFrameworksBuildPhase;
			buildActionMask = 2147483647;
			files = (
			);
			runOnlyForDeploymentPostprocessing = 0;
		};
		792E8DD32F927F55005BC468 /* Frameworks */ = {
			isa = PBXFrameworksBuildPhase;
			buildActionMask = 2147483647;
			files = (
				792E8DD82F927F55005BC468 /* SwiftUI.framework in Frameworks */,
				792E8DD72F927F55005BC468 /* WidgetKit.framework in Frameworks */,
			);
			runOnlyForDeploymentPostprocessing = 0;
		};
/* End PBXFrameworksBuildPhase section */

/* Begin PBXGroup section */
		792E8D4A2F909239005BC468 = {
			isa = PBXGroup;
			children = (
				792E8DF12F927F7D005BC468 /* WateringReminderWidgetExtension.entitlements */,
				792E8D552F909239005BC468 /* WateringReminder */,
				792E8D652F909239005BC468 /* WateringReminderTests */,
				792E8D6F2F909239005BC468 /* WateringReminderUITests */,
				792E8DB92F927ED3005BC468 /* WateringReminderWidget */,
				792E8DD92F927F55005BC468 /* WateringReminderWidget */,
				792E8DB42F927ED3005BC468 /* Frameworks */,
				792E8D542F909239005BC468 /* Products */,
			);
			sourceTree = "<group>";
		};
		792E8D542F909239005BC468 /* Products */ = {
			isa = PBXGroup;
			children = (
				792E8D532F909239005BC468 /* WateringReminder.app */,
				792E8D622F909239005BC468 /* WateringReminderTests.xctest */,
				792E8D6C2F909239005BC468 /* WateringReminderUITests.xctest */,
				792E8DD62F927F55005BC468 /* WateringReminderWidgetExtension.appex */,
			);
			name = Products;
			sourceTree = "<group>";
		};
		792E8DB42F927ED3005BC468 /* Frameworks */ = {
			isa = PBXGroup;
			children = (
				792E8DB52F927ED3005BC468 /* WidgetKit.framework */,
				792E8DB72F927ED3005BC468 /* SwiftUI.framework */,
			);
			name = Frameworks;
			sourceTree = "<group>";
		};
/* End PBXGroup section */

/* Begin PBXNativeTarget section */
		792E8D522F909239005BC468 /* WateringReminder */ = {
			isa = PBXNativeTarget;
			buildConfigurationList = 792E8D762F909239005BC468 /* Build configuration list for PBXNativeTarget "WateringReminder" */;
			buildPhases = (
				792E8D4F2F909239005BC468 /* Sources */,
				792E8D502F909239005BC468 /* Frameworks */,
				792E8D512F909239005BC468 /* Resources */,
				792E8DCA2F927ED4005BC468 /* Embed Foundation Extensions */,
			);
			buildRules = (
			);
			dependencies = (
				792E8DE42F927F55005BC468 /* PBXTargetDependency */,
			);
			fileSystemSynchronizedGroups = (
				792E8D552F909239005BC468 /* WateringReminder */,
			);
			name = WateringReminder;
			packageProductDependencies = (
			);
			productName = WateringReminder;
			productReference = 792E8D532F909239005BC468 /* WateringReminder.app */;
			productType = "com.apple.product-type.application";
		};
		792E8D612F909239005BC468 /* WateringReminderTests */ = {
			isa = PBXNativeTarget;
			buildConfigurationList = 792E8D792F909239005BC468 /* Build configuration list for PBXNativeTarget "WateringReminderTests" */;
			buildPhases = (
				792E8D5E2F909239005BC468 /* Sources */,
				792E8D5F2F909239005BC468 /* Frameworks */,
				792E8D602F909239005BC468 /* Resources */,
			);
			buildRules = (
			);
			dependencies = (
				792E8D642F909239005BC468 /* PBXTargetDependency */,
			);
			fileSystemSynchronizedGroups = (
				792E8D652F909239005BC468 /* WateringReminderTests */,
			);
			name = WateringReminderTests;
			packageProductDependencies = (
			);
			productName = WateringReminderTests;
			productReference = 792E8D622F909239005BC468 /* WateringReminderTests.xctest */;
			productType = "com.apple.product-type.bundle.unit-test";
		};
		792E8D6B2F909239005BC468 /* WateringReminderUITests */ = {
			isa = PBXNativeTarget;
			buildConfigurationList = 792E8D7C2F909239005BC468 /* Build configuration list for PBXNativeTarget "WateringReminderUITests" */;
			buildPhases = (
				792E8D682F909239005BC468 /* Sources */,
				792E8D692F909239005BC468 /* Frameworks */,
				792E8D6A2F909239005BC468 /* Resources */,
			);
			buildRules = (
			);
			dependencies = (
				792E8D6E2F909239005BC468 /* PBXTargetDependency */,
			);
			fileSystemSynchronizedGroups = (
				792E8D6F2F909239005BC468 /* WateringReminderUITests */,
			);
			name = WateringReminderUITests;
			packageProductDependencies = (
			);
			productName = WateringReminderUITests;
			productReference = 792E8D6C2F909239005BC468 /* WateringReminderUITests.xctest */;
			productType = "com.apple.product-type.bundle.ui-testing";
		};
		792E8DD52F927F55005BC468 /* WateringReminderWidgetExtension */ = {
			isa = PBXNativeTarget;
			buildConfigurationList = 792E8DE72F927F55005BC468 /* Build configuration list for PBXNativeTarget "WateringReminderWidgetExtension" */;
			buildPhases = (
				792E8DD22F927F55005BC468 /* Sources */,
				792E8DD32F927F55005BC468 /* Frameworks */,
				792E8DD42F927F55005BC468 /* Resources */,
			);
			buildRules = (
			);
			dependencies = (
			);
			fileSystemSynchronizedGroups = (
				792E8DD92F927F55005BC468 /* WateringReminderWidget */,
			);
			name = WateringReminderWidgetExtension;
			packageProductDependencies = (
			);
			productName = WateringReminderWidgetExtension;
			productReference = 792E8DD62F927F55005BC468 /* WateringReminderWidgetExtension.appex */;
			productType = "com.apple.product-type.app-extension";
		};
/* End PBXNativeTarget section */

/* Begin PBXProject section */
		792E8D4B2F909239005BC468 /* Project object */ = {
			isa = PBXProject;
			attributes = {
				BuildIndependentTargetsInParallel = 1;
				LastSwiftUpdateCheck = 2630;
				LastUpgradeCheck = 2630;
				TargetAttributes = {
					792E8D522F909239005BC468 = {
						CreatedOnToolsVersion = 26.3;
					};
					792E8D612F909239005BC468 = {
						CreatedOnToolsVersion = 26.3;
						TestTargetID = 792E8D522F909239005BC468;
					};
					792E8D6B2F909239005BC468 = {
						CreatedOnToolsVersion = 26.3;
						TestTargetID = 792E8D522F909239005BC468;
					};
					792E8DD52F927F55005BC468 = {
						CreatedOnToolsVersion = 26.3;
					};
				};
			};
			buildConfigurationList = 792E8D4E2F909239005BC468 /* Build configuration list for PBXProject "WateringReminder" */;
			developmentRegion = en;
			hasScannedForEncodings = 0;
			knownRegions = (
				en,
				Base,
			);
			mainGroup = 792E8D4A2F909239005BC468;
			minimizedProjectReferenceProxies = 1;
			preferredProjectObjectVersion = 77;
			productRefGroup = 792E8D542F909239005BC468 /* Products */;
			projectDirPath = "";
			projectRoot = "";
			targets = (
				792E8D522F909239005BC468 /* WateringReminder */,
				792E8D612F909239005BC468 /* WateringReminderTests */,
				792E8D6B2F909239005BC468 /* WateringReminderUITests */,
				792E8DD52F927F55005BC468 /* WateringReminderWidgetExtension */,
			);
		};
/* End PBXProject section */

/* Begin PBXResourcesBuildPhase section */
		792E8D512F909239005BC468 /* Resources */ = {
			isa = PBXResourcesBuildPhase;
			buildActionMask = 2147483647;
			files = (
			);
			runOnlyForDeploymentPostprocessing = 0;
		};
		792E8D602F909239005BC468 /* Resources */ = {
			isa = PBXResourcesBuildPhase;
			buildActionMask = 2147483647;
			files = (
			);
			runOnlyForDeploymentPostprocessing = 0;
		};
		792E8D6A2F909239005BC468 /* Resources */ = {
			isa = PBXResourcesBuildPhase;
			buildActionMask = 2147483647;
			files = (
			);
			runOnlyForDeploymentPostprocessing = 0;
		};
		792E8DD42F927F55005BC468 /* Resources */ = {
			isa = PBXResourcesBuildPhase;
			buildActionMask = 2147483647;
			files = (
			);
			runOnlyForDeploymentPostprocessing = 0;
		};
/* End PBXResourcesBuildPhase section */

/* Begin PBXSourcesBuildPhase section */
		792E8D4F2F909239005BC468 /* Sources */ = {
			isa = PBXSourcesBuildPhase;
			buildActionMask = 2147483647;
			files = (
			);
			runOnlyForDeploymentPostprocessing = 0;
		};
		792E8D5E2F909239005BC468 /* Sources */ = {
			isa = PBXSourcesBuildPhase;
			buildActionMask = 2147483647;
			files = (
			);
			runOnlyForDeploymentPostprocessing = 0;
		};
		792E8D682F909239005BC468 /* Sources */ = {
			isa = PBXSourcesBuildPhase;
			buildActionMask = 2147483647;
			files = (
			);
			runOnlyForDeploymentPostprocessing = 0;
		};
		792E8DD22F927F55005BC468 /* Sources */ = {
			isa = PBXSourcesBuildPhase;
			buildActionMask = 2147483647;
			files = (
			);
			runOnlyForDeploymentPostprocessing = 0;
		};
/* End PBXSourcesBuildPhase section */

/* Begin PBXTargetDependency section */
		792E8D642F909239005BC468 /* PBXTargetDependency */ = {
			isa = PBXTargetDependency;
			target = 792E8D522F909239005BC468 /* WateringReminder */;
			targetProxy = 792E8D632F909239005BC468 /* PBXContainerItemProxy */;
		};
		792E8D6E2F909239005BC468 /* PBXTargetDependency */ = {
			isa = PBXTargetDependency;
			target = 792E8D522F909239005BC468 /* WateringReminder */;
			targetProxy = 792E8D6D2F909239005BC468 /* PBXContainerItemProxy */;
		};
		792E8DE42F927F55005BC468 /* PBXTargetDependency */ = {
			isa = PBXTargetDependency;
			target = 792E8DD52F927F55005BC468 /* WateringReminderWidgetExtension */;
			targetProxy = 792E8DE32F927F55005BC468 /* PBXContainerItemProxy */;
		};
/* End PBXTargetDependency section */

/* Begin XCBuildConfiguration section */
		792E8D742F909239005BC468 /* Debug */ = {
			isa = XCBuildConfiguration;
			buildSettings = {
				ALWAYS_SEARCH_USER_PATHS = NO;
				ASSETCATALOG_COMPILER_GENERATE_SWIFT_ASSET_SYMBOL_EXTENSIONS = YES;
				CLANG_ANALYZER_NONNULL = YES;
				CLANG_ANALYZER_NUMBER_OBJECT_CONVERSION = YES_AGGRESSIVE;
				CLANG_CXX_LANGUAGE_STANDARD = "gnu++20";
				CLANG_ENABLE_MODULES = YES;
				CLANG_ENABLE_OBJC_ARC = YES;
				CLANG_ENABLE_OBJC_WEAK = YES;
				CLANG_WARN_BLOCK_CAPTURE_AUTORELEASING = YES;
				CLANG_WARN_BOOL_CONVERSION = YES;
				CLANG_WARN_COMMA = YES;
				CLANG_WARN_CONSTANT_CONVERSION = YES;
				CLANG_WARN_DEPRECATED_OBJC_IMPLEMENTATIONS = YES;
				CLANG_WARN_DIRECT_OBJC_ISA_USAGE = YES_ERROR;
				CLANG_WARN_DOCUMENTATION_COMMENTS = YES;
				CLANG_WARN_EMPTY_BODY = YES;
				CLANG_WARN_ENUM_CONVERSION = YES;
				CLANG_WARN_INFINITE_RECURSION = YES;
				CLANG_WARN_INT_CONVERSION = YES;
				CLANG_WARN_NON_LITERAL_NULL_CONVERSION = YES;
				CLANG_WARN_OBJC_IMPLICIT_RETAIN_SELF = YES;
				CLANG_WARN_OBJC_LITERAL_CONVERSION = YES;
				CLANG_WARN_OBJC_ROOT_CLASS = YES_ERROR;
				CLANG_WARN_QUOTED_INCLUDE_IN_FRAMEWORK_HEADER = YES;
				CLANG_WARN_RANGE_LOOP_ANALYSIS = YES;
				CLANG_WARN_STRICT_PROTOTYPES = YES;
				CLANG_WARN_SUSPICIOUS_MOVE = YES;
				CLANG_WARN_UNGUARDED_AVAILABILITY = YES_AGGRESSIVE;
				CLANG_WARN_UNREACHABLE_CODE = YES;
				CLANG_WARN__DUPLICATE_METHOD_MATCH = YES;
				COPY_PHASE_STRIP = NO;
				DEBUG_INFORMATION_FORMAT = dwarf;
				DEVELOPMENT_TEAM = SDC94829N4;
				ENABLE_STRICT_OBJC_MSGSEND = YES;
				ENABLE_TESTABILITY = YES;
				ENABLE_USER_SCRIPT_SANDBOXING = YES;
				GCC_C_LANGUAGE_STANDARD = gnu17;
				GCC_DYNAMIC_NO_PIC = NO;
				GCC_NO_COMMON_BLOCKS = YES;
				GCC_OPTIMIZATION_LEVEL = 0;
				GCC_PREPROCESSOR_DEFINITIONS = (
					"DEBUG=1",
					"$(inherited)",
				);
				GCC_WARN_64_TO_32_BIT_CONVERSION = YES;
				GCC_WARN_ABOUT_RETURN_TYPE = YES_ERROR;
				GCC_WARN_UNDECLARED_SELECTOR = YES;
				GCC_WARN_UNINITIALIZED_AUTOS = YES_AGGRESSIVE;
				GCC_WARN_UNUSED_FUNCTION = YES;
				GCC_WARN_UNUSED_VARIABLE = YES;
				IPHONEOS_DEPLOYMENT_TARGET = 26.2;
				LOCALIZATION_PREFERS_STRING_CATALOGS = YES;
				MTL_ENABLE_DEBUG_INFO = INCLUDE_SOURCE;
				MTL_FAST_MATH = YES;
				ONLY_ACTIVE_ARCH = YES;
				SDKROOT = iphoneos;
				SWIFT_ACTIVE_COMPILATION_CONDITIONS = "DEBUG $(inherited)";
				SWIFT_OPTIMIZATION_LEVEL = "-Onone";
			};
			name = Debug;
		};
		792E8D752F909239005BC468 /* Release */ = {
			isa = XCBuildConfiguration;
			buildSettings = {
				ALWAYS_SEARCH_USER_PATHS = NO;
				ASSETCATALOG_COMPILER_GENERATE_SWIFT_ASSET_SYMBOL_EXTENSIONS = YES;
				CLANG_ANALYZER_NONNULL = YES;
				CLANG_ANALYZER_NUMBER_OBJECT_CONVERSION = YES_AGGRESSIVE;
				CLANG_CXX_LANGUAGE_STANDARD = "gnu++20";
				CLANG_ENABLE_MODULES = YES;
				CLANG_ENABLE_OBJC_ARC = YES;
				CLANG_ENABLE_OBJC_WEAK = YES;
				CLANG_WARN_BLOCK_CAPTURE_AUTORELEASING = YES;
				CLANG_WARN_BOOL_CONVERSION = YES;
				CLANG_WARN_COMMA = YES;
				CLANG_WARN_CONSTANT_CONVERSION = YES;
				CLANG_WARN_DEPRECATED_OBJC_IMPLEMENTATIONS = YES;
				CLANG_WARN_DIRECT_OBJC_ISA_USAGE = YES_ERROR;
				CLANG_WARN_DOCUMENTATION_COMMENTS = YES;
				CLANG_WARN_EMPTY_BODY = YES;
				CLANG_WARN_ENUM_CONVERSION = YES;
				CLANG_WARN_INFINITE_RECURSION = YES;
				CLANG_WARN_INT_CONVERSION = YES;
				CLANG_WARN_NON_LITERAL_NULL_CONVERSION = YES;
				CLANG_WARN_OBJC_IMPLICIT_RETAIN_SELF = YES;
				CLANG_WARN_OBJC_LITERAL_CONVERSION = YES;
				CLANG_WARN_OBJC_ROOT_CLASS = YES_ERROR;
				CLANG_WARN_QUOTED_INCLUDE_IN_FRAMEWORK_HEADER = YES;
				CLANG_WARN_RANGE_LOOP_ANALYSIS = YES;
				CLANG_WARN_STRICT_PROTOTYPES = YES;
				CLANG_WARN_SUSPICIOUS_MOVE = YES;
				CLANG_WARN_UNGUARDED_AVAILABILITY = YES_AGGRESSIVE;
				CLANG_WARN_UNREACHABLE_CODE = YES;
				CLANG_WARN__DUPLICATE_METHOD_MATCH = YES;
				COPY_PHASE_STRIP = NO;
				DEBUG_INFORMATION_FORMAT = "dwarf-with-dsym";
				DEVELOPMENT_TEAM = SDC94829N4;
				ENABLE_NS_ASSERTIONS = NO;
				ENABLE_STRICT_OBJC_MSGSEND = YES;
				ENABLE_USER_SCRIPT_SANDBOXING = YES;
				GCC_C_LANGUAGE_STANDARD = gnu17;
				GCC_NO_COMMON_BLOCKS = YES;
				GCC_WARN_64_TO_32_BIT_CONVERSION = YES;
				GCC_WARN_ABOUT_RETURN_TYPE = YES_ERROR;
				GCC_WARN_UNDECLARED_SELECTOR = YES;
				GCC_WARN_UNINITIALIZED_AUTOS = YES_AGGRESSIVE;
				GCC_WARN_UNUSED_FUNCTION = YES;
				GCC_WARN_UNUSED_VARIABLE = YES;
				IPHONEOS_DEPLOYMENT_TARGET = 26.2;
				LOCALIZATION_PREFERS_STRING_CATALOGS = YES;
				MTL_ENABLE_DEBUG_INFO = NO;
				MTL_FAST_MATH = YES;
				SDKROOT = iphoneos;
				SWIFT_COMPILATION_MODE = wholemodule;
				VALIDATE_PRODUCT = YES;
			};
			name = Release;
		};
		792E8D772F909239005BC468 /* Debug */ = {
			isa = XCBuildConfiguration;
			buildSettings = {
				ASSETCATALOG_COMPILER_APPICON_NAME = AppIcon;
				ASSETCATALOG_COMPILER_GLOBAL_ACCENT_COLOR_NAME = AccentColor;
				CODE_SIGN_ENTITLEMENTS = WateringReminder/WateringReminder.entitlements;
				CODE_SIGN_STYLE = Automatic;
				CURRENT_PROJECT_VERSION = 1;
				DEVELOPMENT_TEAM = SDC94829N4;
				ENABLE_PREVIEWS = YES;
				GENERATE_INFOPLIST_FILE = YES;
				INFOPLIST_KEY_CFBundleDisplayName = "Watering Reminder";
				INFOPLIST_KEY_LSApplicationCategoryType = "public.app-category.utilities";
				INFOPLIST_KEY_NSCameraUsageDescription = "WateringReminder uses the camera to take photos of your plants. Photos stay on your device.";
				INFOPLIST_KEY_UIApplicationSceneManifest_Generation = YES;
				INFOPLIST_KEY_UIApplicationSupportsIndirectInputEvents = YES;
				INFOPLIST_KEY_UILaunchScreen_Generation = YES;
				INFOPLIST_KEY_UISupportedInterfaceOrientations_iPad = "UIInterfaceOrientationPortrait UIInterfaceOrientationPortraitUpsideDown UIInterfaceOrientationLandscapeLeft UIInterfaceOrientationLandscapeRight";
				INFOPLIST_KEY_UISupportedInterfaceOrientations_iPhone = "UIInterfaceOrientationPortrait UIInterfaceOrientationLandscapeLeft UIInterfaceOrientationLandscapeRight";
				LD_RUNPATH_SEARCH_PATHS = (
					"$(inherited)",
					"@executable_path/Frameworks",
				);
				MARKETING_VERSION = 1.0;
				PRODUCT_BUNDLE_IDENTIFIER = OConnorK.WateringReminder;
				PRODUCT_NAME = "$(TARGET_NAME)";
				STRING_CATALOG_GENERATE_SYMBOLS = YES;
				SUPPORTED_PLATFORMS = "iphoneos iphonesimulator";
				SUPPORTS_MACCATALYST = NO;
				SWIFT_APPROACHABLE_CONCURRENCY = YES;
				SWIFT_DEFAULT_ACTOR_ISOLATION = MainActor;
				SWIFT_EMIT_LOC_STRINGS = YES;
				SWIFT_UPCOMING_FEATURE_MEMBER_IMPORT_VISIBILITY = YES;
				SWIFT_VERSION = 5.0;
				TARGETED_DEVICE_FAMILY = "1,2";
			};
			name = Debug;
		};
		792E8D782F909239005BC468 /* Release */ = {
			isa = XCBuildConfiguration;
			buildSettings = {
				ASSETCATALOG_COMPILER_APPICON_NAME = AppIcon;
				ASSETCATALOG_COMPILER_GLOBAL_ACCENT_COLOR_NAME = AccentColor;
				CODE_SIGN_ENTITLEMENTS = WateringReminder/WateringReminder.entitlements;
				CODE_SIGN_STYLE = Automatic;
				CURRENT_PROJECT_VERSION = 1;
				DEVELOPMENT_TEAM = SDC94829N4;
				ENABLE_PREVIEWS = YES;
				GENERATE_INFOPLIST_FILE = YES;
				INFOPLIST_KEY_CFBundleDisplayName = "Watering Reminder";
				INFOPLIST_KEY_LSApplicationCategoryType = "public.app-category.utilities";
				INFOPLIST_KEY_NSCameraUsageDescription = "WateringReminder uses the camera to take photos of your plants. Photos stay on your device.";
				INFOPLIST_KEY_UIApplicationSceneManifest_Generation = YES;
				INFOPLIST_KEY_UIApplicationSupportsIndirectInputEvents = YES;
				INFOPLIST_KEY_UILaunchScreen_Generation = YES;
				INFOPLIST_KEY_UISupportedInterfaceOrientations_iPad = "UIInterfaceOrientationPortrait UIInterfaceOrientationPortraitUpsideDown UIInterfaceOrientationLandscapeLeft UIInterfaceOrientationLandscapeRight";
				INFOPLIST_KEY_UISupportedInterfaceOrientations_iPhone = "UIInterfaceOrientationPortrait UIInterfaceOrientationLandscapeLeft UIInterfaceOrientationLandscapeRight";
				LD_RUNPATH_SEARCH_PATHS = (
					"$(inherited)",
					"@executable_path/Frameworks",
				);
				MARKETING_VERSION = 1.0;
				PRODUCT_BUNDLE_IDENTIFIER = OConnorK.WateringReminder;
				PRODUCT_NAME = "$(TARGET_NAME)";
				STRING_CATALOG_GENERATE_SYMBOLS = YES;
				SUPPORTED_PLATFORMS = "iphoneos iphonesimulator";
				SUPPORTS_MACCATALYST = NO;
				SWIFT_APPROACHABLE_CONCURRENCY = YES;
				SWIFT_DEFAULT_ACTOR_ISOLATION = MainActor;
				SWIFT_EMIT_LOC_STRINGS = YES;
				SWIFT_UPCOMING_FEATURE_MEMBER_IMPORT_VISIBILITY = YES;
				SWIFT_VERSION = 5.0;
				TARGETED_DEVICE_FAMILY = "1,2";
			};
			name = Release;
		};
		792E8D7A2F909239005BC468 /* Debug */ = {
			isa = XCBuildConfiguration;
			buildSettings = {
				BUNDLE_LOADER = "$(TEST_HOST)";
				CODE_SIGN_STYLE = Automatic;
				CURRENT_PROJECT_VERSION = 1;
				DEVELOPMENT_TEAM = SDC94829N4;
				GENERATE_INFOPLIST_FILE = YES;
				IPHONEOS_DEPLOYMENT_TARGET = 26.2;
				MARKETING_VERSION = 1.0;
				PRODUCT_BUNDLE_IDENTIFIER = OConnorK.WateringReminderTests;
				PRODUCT_NAME = "$(TARGET_NAME)";
				STRING_CATALOG_GENERATE_SYMBOLS = NO;
				SWIFT_APPROACHABLE_CONCURRENCY = YES;
				SWIFT_EMIT_LOC_STRINGS = NO;
				SWIFT_UPCOMING_FEATURE_MEMBER_IMPORT_VISIBILITY = YES;
				SWIFT_VERSION = 5.0;
				TARGETED_DEVICE_FAMILY = "1,2";
				TEST_HOST = "$(BUILT_PRODUCTS_DIR)/WateringReminder.app/$(BUNDLE_EXECUTABLE_FOLDER_PATH)/WateringReminder";
			};
			name = Debug;
		};
		792E8D7B2F909239005BC468 /* Release */ = {
			isa = XCBuildConfiguration;
			buildSettings = {
				BUNDLE_LOADER = "$(TEST_HOST)";
				CODE_SIGN_STYLE = Automatic;
				CURRENT_PROJECT_VERSION = 1;
				DEVELOPMENT_TEAM = SDC94829N4;
				GENERATE_INFOPLIST_FILE = YES;
				IPHONEOS_DEPLOYMENT_TARGET = 26.2;
				MARKETING_VERSION = 1.0;
				PRODUCT_BUNDLE_IDENTIFIER = OConnorK.WateringReminderTests;
				PRODUCT_NAME = "$(TARGET_NAME)";
				STRING_CATALOG_GENERATE_SYMBOLS = NO;
				SWIFT_APPROACHABLE_CONCURRENCY = YES;
				SWIFT_EMIT_LOC_STRINGS = NO;
				SWIFT_UPCOMING_FEATURE_MEMBER_IMPORT_VISIBILITY = YES;
				SWIFT_VERSION = 5.0;
				TARGETED_DEVICE_FAMILY = "1,2";
				TEST_HOST = "$(BUILT_PRODUCTS_DIR)/WateringReminder.app/$(BUNDLE_EXECUTABLE_FOLDER_PATH)/WateringReminder";
			};
			name = Release;
		};
		792E8D7D2F909239005BC468 /* Debug */ = {
			isa = XCBuildConfiguration;
			buildSettings = {
				CODE_SIGN_STYLE = Automatic;
				CURRENT_PROJECT_VERSION = 1;
				DEVELOPMENT_TEAM = SDC94829N4;
				GENERATE_INFOPLIST_FILE = YES;
				MARKETING_VERSION = 1.0;
				PRODUCT_BUNDLE_IDENTIFIER = OConnorK.WateringReminderUITests;
				PRODUCT_NAME = "$(TARGET_NAME)";
				STRING_CATALOG_GENERATE_SYMBOLS = NO;
				SWIFT_APPROACHABLE_CONCURRENCY = YES;
				SWIFT_EMIT_LOC_STRINGS = NO;
				SWIFT_UPCOMING_FEATURE_MEMBER_IMPORT_VISIBILITY = YES;
				SWIFT_VERSION = 5.0;
				TARGETED_DEVICE_FAMILY = "1,2";
				TEST_TARGET_NAME = WateringReminder;
			};
			name = Debug;
		};
		792E8D7E2F909239005BC468 /* Release */ = {
			isa = XCBuildConfiguration;
			buildSettings = {
				CODE_SIGN_STYLE = Automatic;
				CURRENT_PROJECT_VERSION = 1;
				DEVELOPMENT_TEAM = SDC94829N4;
				GENERATE_INFOPLIST_FILE = YES;
				MARKETING_VERSION = 1.0;
				PRODUCT_BUNDLE_IDENTIFIER = OConnorK.WateringReminderUITests;
				PRODUCT_NAME = "$(TARGET_NAME)";
				STRING_CATALOG_GENERATE_SYMBOLS = NO;
				SWIFT_APPROACHABLE_CONCURRENCY = YES;
				SWIFT_EMIT_LOC_STRINGS = NO;
				SWIFT_UPCOMING_FEATURE_MEMBER_IMPORT_VISIBILITY = YES;
				SWIFT_VERSION = 5.0;
				TARGETED_DEVICE_FAMILY = "1,2";
				TEST_TARGET_NAME = WateringReminder;
			};
			name = Release;
		};
		792E8DE82F927F55005BC468 /* Debug */ = {
			isa = XCBuildConfiguration;
			buildSettings = {
				ASSETCATALOG_COMPILER_GLOBAL_ACCENT_COLOR_NAME = AccentColor;
				ASSETCATALOG_COMPILER_WIDGET_BACKGROUND_COLOR_NAME = WidgetBackground;
				CODE_SIGN_ENTITLEMENTS = WateringReminderWidgetExtension.entitlements;
				CODE_SIGN_STYLE = Automatic;
				CURRENT_PROJECT_VERSION = 1;
				DEVELOPMENT_TEAM = SDC94829N4;
				GENERATE_INFOPLIST_FILE = YES;
				INFOPLIST_FILE = WateringReminderWidget/Info.plist;
				INFOPLIST_KEY_CFBundleDisplayName = WateringReminderWidget;
				INFOPLIST_KEY_NSHumanReadableCopyright = "";
				LD_RUNPATH_SEARCH_PATHS = (
					"$(inherited)",
					"@executable_path/Frameworks",
					"@executable_path/../../Frameworks",
				);
				MARKETING_VERSION = 1.0;
				PRODUCT_BUNDLE_IDENTIFIER = OConnorK.WateringReminder.WateringReminderWidget;
				PRODUCT_NAME = "$(TARGET_NAME)";
				SKIP_INSTALL = YES;
				STRING_CATALOG_GENERATE_SYMBOLS = YES;
				SWIFT_APPROACHABLE_CONCURRENCY = YES;
				SWIFT_EMIT_LOC_STRINGS = YES;
				SWIFT_UPCOMING_FEATURE_MEMBER_IMPORT_VISIBILITY = YES;
				SWIFT_VERSION = 5.0;
				TARGETED_DEVICE_FAMILY = "1,2";
			};
			name = Debug;
		};
		792E8DE92F927F55005BC468 /* Release */ = {
			isa = XCBuildConfiguration;
			buildSettings = {
				ASSETCATALOG_COMPILER_GLOBAL_ACCENT_COLOR_NAME = AccentColor;
				ASSETCATALOG_COMPILER_WIDGET_BACKGROUND_COLOR_NAME = WidgetBackground;
				CODE_SIGN_ENTITLEMENTS = WateringReminderWidgetExtension.entitlements;
				CODE_SIGN_STYLE = Automatic;
				CURRENT_PROJECT_VERSION = 1;
				DEVELOPMENT_TEAM = SDC94829N4;
				GENERATE_INFOPLIST_FILE = YES;
				INFOPLIST_FILE = WateringReminderWidget/Info.plist;
				INFOPLIST_KEY_CFBundleDisplayName = WateringReminderWidget;
				INFOPLIST_KEY_NSHumanReadableCopyright = "";
				LD_RUNPATH_SEARCH_PATHS = (
					"$(inherited)",
					"@executable_path/Frameworks",
					"@executable_path/../../Frameworks",
				);
				MARKETING_VERSION = 1.0;
				PRODUCT_BUNDLE_IDENTIFIER = OConnorK.WateringReminder.WateringReminderWidget;
				PRODUCT_NAME = "$(TARGET_NAME)";
				SKIP_INSTALL = YES;
				STRING_CATALOG_GENERATE_SYMBOLS = YES;
				SWIFT_APPROACHABLE_CONCURRENCY = YES;
				SWIFT_EMIT_LOC_STRINGS = YES;
				SWIFT_UPCOMING_FEATURE_MEMBER_IMPORT_VISIBILITY = YES;
				SWIFT_VERSION = 5.0;
				TARGETED_DEVICE_FAMILY = "1,2";
			};
			name = Release;
		};
/* End XCBuildConfiguration section */

/* Begin XCConfigurationList section */
		792E8D4E2F909239005BC468 /* Build configuration list for PBXProject "WateringReminder" */ = {
			isa = XCConfigurationList;
			buildConfigurations = (
				792E8D742F909239005BC468 /* Debug */,
				792E8D752F909239005BC468 /* Release */,
			);
			defaultConfigurationIsVisible = 0;
			defaultConfigurationName = Release;
		};
		792E8D762F909239005BC468 /* Build configuration list for PBXNativeTarget "WateringReminder" */ = {
			isa = XCConfigurationList;
			buildConfigurations = (
				792E8D772F909239005BC468 /* Debug */,
				792E8D782F909239005BC468 /* Release */,
			);
			defaultConfigurationIsVisible = 0;
			defaultConfigurationName = Release;
		};
		792E8D792F909239005BC468 /* Build configuration list for PBXNativeTarget "WateringReminderTests" */ = {
			isa = XCConfigurationList;
			buildConfigurations = (
				792E8D7A2F909239005BC468 /* Debug */,
				792E8D7B2F909239005BC468 /* Release */,
			);
			defaultConfigurationIsVisible = 0;
			defaultConfigurationName = Release;
		};
		792E8D7C2F909239005BC468 /* Build configuration list for PBXNativeTarget "WateringReminderUITests" */ = {
			isa = XCConfigurationList;
			buildConfigurations = (
				792E8D7D2F909239005BC468 /* Debug */,
				792E8D7E2F909239005BC468 /* Release */,
			);
			defaultConfigurationIsVisible = 0;
			defaultConfigurationName = Release;
		};
		792E8DE72F927F55005BC468 /* Build configuration list for PBXNativeTarget "WateringReminderWidgetExtension" */ = {
			isa = XCConfigurationList;
			buildConfigurations = (
				792E8DE82F927F55005BC468 /* Debug */,
				792E8DE92F927F55005BC468 /* Release */,
			);
			defaultConfigurationIsVisible = 0;
			defaultConfigurationName = Release;
		};
/* End XCConfigurationList section */
	};
	rootObject = 792E8D4B2F909239005BC468 /* Project object */;
}
